// !$*UTF8*$!
{
	archiveVersion = 1;
	classes = {
	};
	objectVersion = 46;
	objects = {

/* Begin PBXBuildFile section */
		A9192D4D1ECA17DE00600CCC /* main.cpp in Sources */ = {isa = PBXBuildFile; fileRef = A9192D4C1ECA17DE00600CCC /* main.cpp */; };
		A9192D541ECA182200600CCC /* Vektor.cpp in Sources */ = {isa = PBXBuildFile; fileRef = A9192D531ECA182200600CCC /* Vektor.cpp */; };
/* End PBXBuildFile section */

/* Begin PBXCopyFilesBuildPhase section */
		A9192D471ECA17DE00600CCC /* CopyFiles */ = {
			isa = PBXCopyFilesBuildPhase;
			buildActionMask = 2147483647;
			dstPath = /usr/share/man/man1/;
			dstSubfolderSpec = 0;
			files = (
			);
			runOnlyForDeploymentPostprocessing = 1;
		};
/* End PBXCopyFilesBuildPhase section */

/* Begin PBXFileReference section */
		A9192D491ECA17DE00600CCC /* Versuch_4_me */ = {isa = PBXFileReference; explicitFileType = "compiled.mach-o.executable"; includeInIndex = 0; path = Versuch_4_me; sourceTree = BUILT_PRODUCTS_DIR; };
		A9192D4C1ECA17DE00600CCC /* main.cpp */ = {isa = PBXFileReference; lastKnownFileType = sourcecode.cpp.cpp; path = main.cpp; sourceTree = "<group>"; };
		A9192D531ECA182200600CCC /* Vektor.cpp */ = {isa = PBXFileReference; fileEncoding = 4; lastKnownFileType = sourcecode.cpp.cpp; path = Vektor.cpp; sourceTree = "<group>"; };
		A9192D551ECA183B00600CCC /* Vektor.h */ = {isa = PBXFileReference; lastKnownFileType = sourcecode.c.h; path = Vektor.h; sourceTree = "<group>"; };
/* End PBXFileReference section */

/* Begin PBXFrameworksBuildPhase section */
		A9192D461ECA17DE00600CCC /* Frameworks */ = {
			isa = PBXFrameworksBuildPhase;
			buildActionMask = 2147483647;
			files = (
			);
			runOnlyForDeploymentPostprocessing = 0;
		};
/* End PBXFrameworksBuildPhase section */

/* Begin PBXGroup section */
		A9192D401ECA17DE00600CCC = {
			isa = PBXGroup;
			children = (
				A9192D4B1ECA17DE00600CCC /* Versuch_4_me */,
				A9192D4A1ECA17DE00600CCC /* Products */,
			);
			sourceTree = "<group>";
		};
		A9192D4A1ECA17DE00600CCC /* Products */ = {
			isa = PBXGroup;
			children = (
				A9192D491ECA17DE00600CCC /* Versuch_4_me */,
			);
			name = Products;
			sourceTree = "<group>";
		};
		A9192D4B1ECA17DE00600CCC /* Versuch_4_me */ = {
			isa = PBXGroup;
			children = (
				A9192D4C1ECA17DE00600CCC /* main.cpp */,
				A9192D531ECA182200600CCC /* Vektor.cpp */,
				A9192D551ECA183B00600CCC /* Vektor.h */,
			);
			path = Versuch_4_me;
			sourceTree = "<group>";
		};
/* End PBXGroup section */

/* Begin PBXNativeTarget section */
		A9192D481ECA17DE00600CCC /* Versuch_4_me */ = {
			isa = PBXNativeTarget;
			buildConfigurationList = A9192D501ECA17DE00600CCC /* Build configuration list for PBXNativeTarget "Versuch_4_me" */;
			buildPhases = (
				A9192D451ECA17DE00600CCC /* Sources */,
				A9192D461ECA17DE00600CCC /* Frameworks */,
				A9192D471ECA17DE00600CCC /* CopyFiles */,
			);
			buildRules = (
			);
			dependencies = (
			);
			name = Versuch_4_me;
			productName = Versuch_4_me;
			productReference = A9192D491ECA17DE00600CCC /* Versuch_4_me */;
			productType = "com.apple.product-type.tool";
		};
/* End PBXNativeTarget section */

/* Begin PBXProject section */
		A9192D411ECA17DE00600CCC /* Project object */ = {
			isa = PBXProject;
			attributes = {
				LastUpgradeCheck = 0800;
				ORGANIZATIONNAME = Bill;
				TargetAttributes = {
					A9192D481ECA17DE00600CCC = {
						CreatedOnToolsVersion = 8.0;
						ProvisioningStyle = Automatic;
					};
				};
			};
			buildConfigurationList = A9192D441ECA17DE00600CCC /* Build configuration list for PBXProject "Versuch_4_me" */;
			compatibilityVersion = "Xcode 3.2";
			developmentRegion = English;
			hasScannedForEncodings = 0;
			knownRegions = (
				en,
			);
			mainGroup = A9192D401ECA17DE00600CCC;
			productRefGroup = A9192D4A1ECA17DE00600CCC /* Products */;
			projectDirPath = "";
			projectRoot = "";
			targets = (
				A9192D481ECA17DE00600CCC /* Versuch_4_me */,
			);
		};
/* End PBXProject section */

/* Begin PBXSourcesBuildPhase section */
		A9192D451ECA17DE00600CCC /* Sources */ = {
			isa = PBXSourcesBuildPhase;
			buildActionMask = 2147483647;
			files = (
				A9192D541ECA182200600CCC /* Vektor.cpp in Sources */,
				A9192D4D1ECA17DE00600CCC /* main.cpp in Sources */,
			);
			runOnlyForDeploymentPostprocessing = 0;
		};
/* End PBXSourcesBuildPhase section */

/* Begin XCBuildConfiguration section */
		A9192D4E1ECA17DE00600CCC /* Debug */ = {
			isa = XCBuildConfiguration;
			buildSettings = {
				ALWAYS_SEARCH_USER_PATHS = NO;
				CLANG_ANALYZER_NONNULL = YES;
				CLANG_CXX_LANGUAGE_STANDARD = "gnu++0x";
				CLANG_CXX_LIBRARY = "libc++";
				CLANG_ENABLE_MODULES = YES;
				CLANG_ENABLE_OBJC_ARC = YES;
				CLANG_WARN_BOOL_CONVERSION = YES;
				CLANG_WARN_CONSTANT_CONVERSION = YES;
				CLANG_WARN_DIRECT_OBJC_ISA_USAGE = YES_ERROR;
				CLANG_WARN_DOCUMENTATION_COMMENTS = YES;
				CLANG_WARN_EMPTY_BODY = YES;
				CLANG_WARN_ENUM_CONVERSION = YES;
				CLANG_WARN_INFINITE_RECURSION = YES;
				CLANG_WARN_INT_CONVERSION = YES;
				CLANG_WARN_OBJC_ROOT_CLASS = YES_ERROR;
				CLANG_WARN_SUSPICIOUS_MOVES = YES;
				CLANG_WARN_UNREACHABLE_CODE = YES;
				CLANG_WARN__DUPLICATE_METHOD_MATCH = YES;
				CODE_SIGN_IDENTITY = "-";
				COPY_PHASE_STRIP = NO;
				DEBUG_INFORMATION_FORMAT = dwarf;
				ENABLE_STRICT_OBJC_MSGSEND = YES;
				ENABLE_TESTABILITY = YES;
				GCC_C_LANGUAGE_STANDARD = gnu99;
				GCC_DYNAMIC_NO_PIC = NO;
				GCC_NO_COMMON_BLOCKS = YES;
				GCC_OPTIMIZATION_LEVEL = 0;
				GCC_PREPROCESSOR_DEFINITIONS = (
					"DEBUG=1",
					"$(inherited)",
				);
				GCC_WARN_64_TO_32_BIT_CONVERSION = YES;
				GCC_WARN_ABOUT_RETURN_TYPE = YES_ERROR;
				GCC_WARN_UNDECLARED_SELECTOR = YES;
				GCC_WARN_UNINITIALIZED_AUTOS = YES_AGGRESSIVE;
				GCC_WARN_UNUSED_FUNCTION = YES;
				GCC_WARN_UNUSED_VARIABLE = YES;
				MACOSX_DEPLOYMENT_TARGET = 10.11;
				MTL_ENABLE_DEBUG_INFO = YES;
				ONLY_ACTIVE_ARCH = YES;
				SDKROOT = macosx;
			};
			name = Debug;
		};
		A9192D4F1ECA17DE00600CCC /* Release */ = {
			isa = XCBuildConfiguration;
			buildSettings = {
				ALWAYS_SEARCH_USER_PATHS = NO;
				CLANG_ANALYZER_NONNULL = YES;
				CLANG_CXX_LANGUAGE_STANDARD = "gnu++0x";
				CLANG_CXX_LIBRARY = "libc++";
				CLANG_ENABLE_MODULES = YES;
				CLANG_ENABLE_OBJC_ARC = YES;
				CLANG_WARN_BOOL_CONVERSION = YES;
				CLANG_WARN_CONSTANT_CONVERSION = YES;
				CLANG_WARN_DIRECT_OBJC_ISA_USAGE = YES_ERROR;
				CLANG_WARN_DOCUMENTATION_COMMENTS = YES;
				CLANG_WARN_EMPTY_BODY = YES;
				CLANG_WARN_ENUM_CONVERSION = YES;
				CLANG_WARN_INFINITE_RECURSION = YES;
				CLANG_WARN_INT_CONVERSION = YES;
				CLANG_WARN_OBJC_ROOT_CLASS = YES_ERROR;
				CLANG_WARN_SUSPICIOUS_MOVES = YES;
				CLANG_WARN_UNREACHABLE_CODE = YES;
				CLANG_WARN__DUPLICATE_METHOD_MATCH = YES;
				CODE_SIGN_IDENTITY = "-";
				COPY_PHASE_STRIP = NO;
				DEBUG_INFORMATION_FORMAT = "dwarf-with-dsym";
				ENABLE_NS_ASSERTIONS = NO;
				ENABLE_STRICT_OBJC_MSGSEND = YES;
				GCC_C_LANGUAGE_STANDARD = gnu99;
				GCC_NO_COMMON_BLOCKS = YES;
				GCC_WARN_64_TO_32_BIT_CONVERSION = YES;
				GCC_WARN_ABOUT_RETURN_TYPE = YES_ERROR;
				GCC_WARN_UNDECLARED_SELECTOR = YES;
				GCC_WARN_UNINITIALIZED_AUTOS = YES_AGGRESSIVE;
				GCC_WARN_UNUSED_FUNCTION = YES;
				GCC_WARN_UNUSED_VARIABLE = YES;
				MACOSX_DEPLOYMENT_TARGET = 10.11;
				MTL_ENABLE_DEBUG_INFO = NO;
				SDKROOT = macosx;
			};
			name = Release;
		};
		A9192D511ECA17DE00600CCC /* Debug */ = {
			isa = XCBuildConfiguration;
			buildSettings = {
				PRODUCT_NAME = "$(TARGET_NAME)";
			};
			name = Debug;
		};
		A9192D521ECA17DE00600CCC /* Release */ = {
			isa = XCBuildConfiguration;
			buildSettings = {
				PRODUCT_NAME = "$(TARGET_NAME)";
			};
			name = Release;
		};
/* End XCBuildConfiguration section */

/* Begin XCConfigurationList section */
		A9192D441ECA17DE00600CCC /* Build configuration list for PBXProject "Versuch_4_me" */ = {
			isa = XCConfigurationList;
			buildConfigurations = (
				A9192D4E1ECA17DE00600CCC /* Debug */,
				A9192D4F1ECA17DE00600CCC /* Release */,
			);
			defaultConfigurationIsVisible = 0;
			defaultConfigurationName = Release;
		};
		A9192D501ECA17DE00600CCC /* Build configuration list for PBXNativeTarget "Versuch_4_me" */ = {
			isa = XCConfigurationList;
			buildConfigurations = (
				A9192D511ECA17DE00600CCC /* Debug */,
				A9192D521ECA17DE00600CCC /* Release */,
			);
			defaultConfigurationIsVisible = 0;
		};
/* End XCConfigurationList section */
	};
	rootObject = A9192D411ECA17DE00600CCC /* Project object */;
}
