// !$*UTF8*$!
{
	archiveVersion = 1;
	classes = {
	};
	objectVersion = 46;
	objects = {

/* Begin PBXBuildFile section */
		A98BE2C91EE6ACEC00F6DA08 /* main.cpp in Sources */ = {isa = PBXBuildFile; fileRef = A98BE2C81EE6ACEC00F6DA08 /* main.cpp */; };
		A98BE2D01EE6AD1200F6DA08 /* my_complex.cpp in Sources */ = {isa = PBXBuildFile; fileRef = A98BE2CF1EE6AD1200F6DA08 /* my_complex.cpp */; };
/* End PBXBuildFile section */

/* Begin PBXCopyFilesBuildPhase section */
		A98BE2C31EE6ACEC00F6DA08 /* CopyFiles */ = {
			isa = PBXCopyFilesBuildPhase;
			buildActionMask = 2147483647;
			dstPath = /usr/share/man/man1/;
			dstSubfolderSpec = 0;
			files = (
			);
			runOnlyForDeploymentPostprocessing = 1;
		};
/* End PBXCopyFilesBuildPhase section */

/* Begin PBXFileReference section */
		A98BE2C51EE6ACEC00F6DA08 /* Complex */ = {isa = PBXFileReference; explicitFileType = "compiled.mach-o.executable"; includeInIndex = 0; path = Complex; sourceTree = BUILT_PRODUCTS_DIR; };
		A98BE2C81EE6ACEC00F6DA08 /* main.cpp */ = {isa = PBXFileReference; lastKnownFileType = sourcecode.cpp.cpp; path = main.cpp; sourceTree = "<group>"; };
		A98BE2CF1EE6AD1200F6DA08 /* my_complex.cpp */ = {isa = PBXFileReference; fileEncoding = 4; lastKnownFileType = sourcecode.cpp.cpp; path = my_complex.cpp; sourceTree = "<group>"; };
		A98BE2D11EE6AD2400F6DA08 /* my_complex.h */ = {isa = PBXFileReference; lastKnownFileType = sourcecode.c.h; path = my_complex.h; sourceTree = "<group>"; };
/* End PBXFileReference section */

/* Begin PBXFrameworksBuildPhase section */
		A98BE2C21EE6ACEC00F6DA08 /* Frameworks */ = {
			isa = PBXFrameworksBuildPhase;
			buildActionMask = 2147483647;
			files = (
			);
			runOnlyForDeploymentPostprocessing = 0;
		};
/* End PBXFrameworksBuildPhase section */

/* Begin PBXGroup section */
		A98BE2BC1EE6ACEC00F6DA08 = {
			isa = PBXGroup;
			children = (
				A98BE2C71EE6ACEC00F6DA08 /* Complex */,
				A98BE2C61EE6ACEC00F6DA08 /* Products */,
			);
			sourceTree = "<group>";
		};
		A98BE2C61EE6ACEC00F6DA08 /* Products */ = {
			isa = PBXGroup;
			children = (
				A98BE2C51EE6ACEC00F6DA08 /* Complex */,
			);
			name = Products;
			sourceTree = "<group>";
		};
		A98BE2C71EE6ACEC00F6DA08 /* Complex */ = {
			isa = PBXGroup;
			children = (
				A98BE2C81EE6ACEC00F6DA08 /* main.cpp */,
				A98BE2CF1EE6AD1200F6DA08 /* my_complex.cpp */,
				A98BE2D11EE6AD2400F6DA08 /* my_complex.h */,
			);
			path = Complex;
			sourceTree = "<group>";
		};
/* End PBXGroup section */

/* Begin PBXNativeTarget section */
		A98BE2C41EE6ACEC00F6DA08 /* Complex */ = {
			isa = PBXNativeTarget;
			buildConfigurationList = A98BE2CC1EE6ACEC00F6DA08 /* Build configuration list for PBXNativeTarget "Complex" */;
			buildPhases = (
				A98BE2C11EE6ACEC00F6DA08 /* Sources */,
				A98BE2C21EE6ACEC00F6DA08 /* Frameworks */,
				A98BE2C31EE6ACEC00F6DA08 /* CopyFiles */,
			);
			buildRules = (
			);
			dependencies = (
			);
			name = Complex;
			productName = Complex;
			productReference = A98BE2C51EE6ACEC00F6DA08 /* Complex */;
			productType = "com.apple.product-type.tool";
		};
/* End PBXNativeTarget section */

/* Begin PBXProject section */
		A98BE2BD1EE6ACEC00F6DA08 /* Project object */ = {
			isa = PBXProject;
			attributes = {
				LastUpgradeCheck = 0800;
				ORGANIZATIONNAME = Bill;
				TargetAttributes = {
					A98BE2C41EE6ACEC00F6DA08 = {
						CreatedOnToolsVersion = 8.0;
						ProvisioningStyle = Automatic;
					};
				};
			};
			buildConfigurationList = A98BE2C01EE6ACEC00F6DA08 /* Build configuration list for PBXProject "Complex" */;
			compatibilityVersion = "Xcode 3.2";
			developmentRegion = English;
			hasScannedForEncodings = 0;
			knownRegions = (
				en,
			);
			mainGroup = A98BE2BC1EE6ACEC00F6DA08;
			productRefGroup = A98BE2C61EE6ACEC00F6DA08 /* Products */;
			projectDirPath = "";
			projectRoot = "";
			targets = (
				A98BE2C41EE6ACEC00F6DA08 /* Complex */,
			);
		};
/* End PBXProject section */

/* Begin PBXSourcesBuildPhase section */
		A98BE2C11EE6ACEC00F6DA08 /* Sources */ = {
			isa = PBXSourcesBuildPhase;
			buildActionMask = 2147483647;
			files = (
				A98BE2D01EE6AD1200F6DA08 /* my_complex.cpp in Sources */,
				A98BE2C91EE6ACEC00F6DA08 /* main.cpp in Sources */,
			);
			runOnlyForDeploymentPostprocessing = 0;
		};
/* End PBXSourcesBuildPhase section */

/* Begin XCBuildConfiguration section */
		A98BE2CA1EE6ACEC00F6DA08 /* Debug */ = {
			isa = XCBuildConfiguration;
			buildSettings = {
				ALWAYS_SEARCH_USER_PATHS = NO;
				CLANG_ANALYZER_NONNULL = YES;
				CLANG_CXX_LANGUAGE_STANDARD = "gnu++0x";
				CLANG_CXX_LIBRARY = "libc++";
				CLANG_ENABLE_MODULES = YES;
				CLANG_ENABLE_OBJC_ARC = YES;
				CLANG_WARN_BOOL_CONVERSION = YES;
				CLANG_WARN_CONSTANT_CONVERSION = YES;
				CLANG_WARN_DIRECT_OBJC_ISA_USAGE = YES_ERROR;
				CLANG_WARN_DOCUMENTATION_COMMENTS = YES;
				CLANG_WARN_EMPTY_BODY = YES;
				CLANG_WARN_ENUM_CONVERSION = YES;
				CLANG_WARN_INFINITE_RECURSION = YES;
				CLANG_WARN_INT_CONVERSION = YES;
				CLANG_WARN_OBJC_ROOT_CLASS = YES_ERROR;
				CLANG_WARN_SUSPICIOUS_MOVES = YES;
				CLANG_WARN_UNREACHABLE_CODE = YES;
				CLANG_WARN__DUPLICATE_METHOD_MATCH = YES;
				CODE_SIGN_IDENTITY = "-";
				COPY_PHASE_STRIP = NO;
				DEBUG_INFORMATION_FORMAT = dwarf;
				ENABLE_STRICT_OBJC_MSGSEND = YES;
				ENABLE_TESTABILITY = YES;
				GCC_C_LANGUAGE_STANDARD = gnu99;
				GCC_DYNAMIC_NO_PIC = NO;
				GCC_NO_COMMON_BLOCKS = YES;
				GCC_OPTIMIZATION_LEVEL = 0;
				GCC_PREPROCESSOR_DEFINITIONS = (
					"DEBUG=1",
					"$(inherited)",
				);
				GCC_WARN_64_TO_32_BIT_CONVERSION = YES;
				GCC_WARN_ABOUT_RETURN_TYPE = YES_ERROR;
				GCC_WARN_UNDECLARED_SELECTOR = YES;
				GCC_WARN_UNINITIALIZED_AUTOS = YES_AGGRESSIVE;
				GCC_WARN_UNUSED_FUNCTION = YES;
				GCC_WARN_UNUSED_VARIABLE = YES;
				MACOSX_DEPLOYMENT_TARGET = 10.11;
				MTL_ENABLE_DEBUG_INFO = YES;
				ONLY_ACTIVE_ARCH = YES;
				SDKROOT = macosx;
			};
			name = Debug;
		};
		A98BE2CB1EE6ACEC00F6DA08 /* Release */ = {
			isa = XCBuildConfiguration;
			buildSettings = {
				ALWAYS_SEARCH_USER_PATHS = NO;
				CLANG_ANALYZER_NONNULL = YES;
				CLANG_CXX_LANGUAGE_STANDARD = "gnu++0x";
				CLANG_CXX_LIBRARY = "libc++";
				CLANG_ENABLE_MODULES = YES;
				CLANG_ENABLE_OBJC_ARC = YES;
				CLANG_WARN_BOOL_CONVERSION = YES;
				CLANG_WARN_CONSTANT_CONVERSION = YES;
				CLANG_WARN_DIRECT_OBJC_ISA_USAGE = YES_ERROR;
				CLANG_WARN_DOCUMENTATION_COMMENTS = YES;
				CLANG_WARN_EMPTY_BODY = YES;
				CLANG_WARN_ENUM_CONVERSION = YES;
				CLANG_WARN_INFINITE_RECURSION = YES;
				CLANG_WARN_INT_CONVERSION = YES;
				CLANG_WARN_OBJC_ROOT_CLASS = YES_ERROR;
				CLANG_WARN_SUSPICIOUS_MOVES = YES;
				CLANG_WARN_UNREACHABLE_CODE = YES;
				CLANG_WARN__DUPLICATE_METHOD_MATCH = YES;
				CODE_SIGN_IDENTITY = "-";
				COPY_PHASE_STRIP = NO;
				DEBUG_INFORMATION_FORMAT = "dwarf-with-dsym";
				ENABLE_NS_ASSERTIONS = NO;
				ENABLE_STRICT_OBJC_MSGSEND = YES;
				GCC_C_LANGUAGE_STANDARD = gnu99;
				GCC_NO_COMMON_BLOCKS = YES;
				GCC_WARN_64_TO_32_BIT_CONVERSION = YES;
				GCC_WARN_ABOUT_RETURN_TYPE = YES_ERROR;
				GCC_WARN_UNDECLARED_SELECTOR = YES;
				GCC_WARN_UNINITIALIZED_AUTOS = YES_AGGRESSIVE;
				GCC_WARN_UNUSED_FUNCTION = YES;
				GCC_WARN_UNUSED_VARIABLE = YES;
				MACOSX_DEPLOYMENT_TARGET = 10.11;
				MTL_ENABLE_DEBUG_INFO = NO;
				SDKROOT = macosx;
			};
			name = Release;
		};
		A98BE2CD1EE6ACEC00F6DA08 /* Debug */ = {
			isa = XCBuildConfiguration;
			buildSettings = {
				PRODUCT_NAME = "$(TARGET_NAME)";
			};
			name = Debug;
		};
		A98BE2CE1EE6ACEC00F6DA08 /* Release */ = {
			isa = XCBuildConfiguration;
			buildSettings = {
				PRODUCT_NAME = "$(TARGET_NAME)";
			};
			name = Release;
		};
/* End XCBuildConfiguration section */

/* Begin XCConfigurationList section */
		A98BE2C01EE6ACEC00F6DA08 /* Build configuration list for PBXProject "Complex" */ = {
			isa = XCConfigurationList;
			buildConfigurations = (
				A98BE2CA1EE6ACEC00F6DA08 /* Debug */,
				A98BE2CB1EE6ACEC00F6DA08 /* Release */,
			);
			defaultConfigurationIsVisible = 0;
			defaultConfigurationName = Release;
		};
		A98BE2CC1EE6ACEC00F6DA08 /* Build configuration list for PBXNativeTarget "Complex" */ = {
			isa = XCConfigurationList;
			buildConfigurations = (
				A98BE2CD1EE6ACEC00F6DA08 /* Debug */,
				A98BE2CE1EE6ACEC00F6DA08 /* Release */,
			);
			defaultConfigurationIsVisible = 0;
		};
/* End XCConfigurationList section */
	};
	rootObject = A98BE2BD1EE6ACEC00F6DA08 /* Project object */;
}
