// !$*UTF8*$!
{
	archiveVersion = 1;
	classes = {
	};
	objectVersion = 46;
	objects = {

/* Begin PBXBuildFile section */
		A9BFED3F1FA8BFE9002CC073 /* main.cpp in Sources */ = {isa = PBXBuildFile; fileRef = A9BFED3E1FA8BFE9002CC073 /* main.cpp */; };
		A9BFED471FA8BFF7002CC073 /* Queue_Wt.cpp in Sources */ = {isa = PBXBuildFile; fileRef = A9BFED451FA8BFF7002CC073 /* Queue_Wt.cpp */; };
/* End PBXBuildFile section */

/* Begin PBXCopyFilesBuildPhase section */
		A9BFED391FA8BFE9002CC073 /* CopyFiles */ = {
			isa = PBXCopyFilesBuildPhase;
			buildActionMask = 2147483647;
			dstPath = /usr/share/man/man1/;
			dstSubfolderSpec = 0;
			files = (
			);
			runOnlyForDeploymentPostprocessing = 1;
		};
/* End PBXCopyFilesBuildPhase section */

/* Begin PBXFileReference section */
		A9BFED3B1FA8BFE9002CC073 /* Queue_Wt */ = {isa = PBXFileReference; explicitFileType = "compiled.mach-o.executable"; includeInIndex = 0; path = Queue_Wt; sourceTree = BUILT_PRODUCTS_DIR; };
		A9BFED3E1FA8BFE9002CC073 /* main.cpp */ = {isa = PBXFileReference; lastKnownFileType = sourcecode.cpp.cpp; path = main.cpp; sourceTree = "<group>"; };
		A9BFED451FA8BFF7002CC073 /* Queue_Wt.cpp */ = {isa = PBXFileReference; fileEncoding = 4; lastKnownFileType = sourcecode.cpp.cpp; path = Queue_Wt.cpp; sourceTree = "<group>"; };
		A9BFED461FA8BFF7002CC073 /* Queue_Wt.hpp */ = {isa = PBXFileReference; fileEncoding = 4; lastKnownFileType = sourcecode.cpp.h; path = Queue_Wt.hpp; sourceTree = "<group>"; };
/* End PBXFileReference section */

/* Begin PBXFrameworksBuildPhase section */
		A9BFED381FA8BFE9002CC073 /* Frameworks */ = {
			isa = PBXFrameworksBuildPhase;
			buildActionMask = 2147483647;
			files = (
			);
			runOnlyForDeploymentPostprocessing = 0;
		};
/* End PBXFrameworksBuildPhase section */

/* Begin PBXGroup section */
		A9BFED321FA8BFE9002CC073 = {
			isa = PBXGroup;
			children = (
				A9BFED3D1FA8BFE9002CC073 /* Queue_Wt */,
				A9BFED3C1FA8BFE9002CC073 /* Products */,
			);
			sourceTree = "<group>";
		};
		A9BFED3C1FA8BFE9002CC073 /* Products */ = {
			isa = PBXGroup;
			children = (
				A9BFED3B1FA8BFE9002CC073 /* Queue_Wt */,
			);
			name = Products;
			sourceTree = "<group>";
		};
		A9BFED3D1FA8BFE9002CC073 /* Queue_Wt */ = {
			isa = PBXGroup;
			children = (
				A9BFED3E1FA8BFE9002CC073 /* main.cpp */,
				A9BFED451FA8BFF7002CC073 /* Queue_Wt.cpp */,
				A9BFED461FA8BFF7002CC073 /* Queue_Wt.hpp */,
			);
			path = Queue_Wt;
			sourceTree = "<group>";
		};
/* End PBXGroup section */

/* Begin PBXNativeTarget section */
		A9BFED3A1FA8BFE9002CC073 /* Queue_Wt */ = {
			isa = PBXNativeTarget;
			buildConfigurationList = A9BFED421FA8BFE9002CC073 /* Build configuration list for PBXNativeTarget "Queue_Wt" */;
			buildPhases = (
				A9BFED371FA8BFE9002CC073 /* Sources */,
				A9BFED381FA8BFE9002CC073 /* Frameworks */,
				A9BFED391FA8BFE9002CC073 /* CopyFiles */,
			);
			buildRules = (
			);
			dependencies = (
			);
			name = Queue_Wt;
			productName = Queue_Wt;
			productReference = A9BFED3B1FA8BFE9002CC073 /* Queue_Wt */;
			productType = "com.apple.product-type.tool";
		};
/* End PBXNativeTarget section */

/* Begin PBXProject section */
		A9BFED331FA8BFE9002CC073 /* Project object */ = {
			isa = PBXProject;
			attributes = {
				LastUpgradeCheck = 0800;
				ORGANIZATIONNAME = Bill;
				TargetAttributes = {
					A9BFED3A1FA8BFE9002CC073 = {
						CreatedOnToolsVersion = 8.0;
						ProvisioningStyle = Automatic;
					};
				};
			};
			buildConfigurationList = A9BFED361FA8BFE9002CC073 /* Build configuration list for PBXProject "Queue_Wt" */;
			compatibilityVersion = "Xcode 3.2";
			developmentRegion = English;
			hasScannedForEncodings = 0;
			knownRegions = (
				en,
			);
			mainGroup = A9BFED321FA8BFE9002CC073;
			productRefGroup = A9BFED3C1FA8BFE9002CC073 /* Products */;
			projectDirPath = "";
			projectRoot = "";
			targets = (
				A9BFED3A1FA8BFE9002CC073 /* Queue_Wt */,
			);
		};
/* End PBXProject section */

/* Begin PBXSourcesBuildPhase section */
		A9BFED371FA8BFE9002CC073 /* Sources */ = {
			isa = PBXSourcesBuildPhase;
			buildActionMask = 2147483647;
			files = (
				A9BFED471FA8BFF7002CC073 /* Queue_Wt.cpp in Sources */,
				A9BFED3F1FA8BFE9002CC073 /* main.cpp in Sources */,
			);
			runOnlyForDeploymentPostprocessing = 0;
		};
/* End PBXSourcesBuildPhase section */

/* Begin XCBuildConfiguration section */
		A9BFED401FA8BFE9002CC073 /* Debug */ = {
			isa = XCBuildConfiguration;
			buildSettings = {
				ALWAYS_SEARCH_USER_PATHS = NO;
				CLANG_ANALYZER_NONNULL = YES;
				CLANG_CXX_LANGUAGE_STANDARD = "gnu++0x";
				CLANG_CXX_LIBRARY = "libc++";
				CLANG_ENABLE_MODULES = YES;
				CLANG_ENABLE_OBJC_ARC = YES;
				CLANG_WARN_BOOL_CONVERSION = YES;
				CLANG_WARN_CONSTANT_CONVERSION = YES;
				CLANG_WARN_DIRECT_OBJC_ISA_USAGE = YES_ERROR;
				CLANG_WARN_DOCUMENTATION_COMMENTS = YES;
				CLANG_WARN_EMPTY_BODY = YES;
				CLANG_WARN_ENUM_CONVERSION = YES;
				CLANG_WARN_INFINITE_RECURSION = YES;
				CLANG_WARN_INT_CONVERSION = YES;
				CLANG_WARN_OBJC_ROOT_CLASS = YES_ERROR;
				CLANG_WARN_SUSPICIOUS_MOVES = YES;
				CLANG_WARN_UNREACHABLE_CODE = YES;
				CLANG_WARN__DUPLICATE_METHOD_MATCH = YES;
				CODE_SIGN_IDENTITY = "-";
				COPY_PHASE_STRIP = NO;
				DEBUG_INFORMATION_FORMAT = dwarf;
				ENABLE_STRICT_OBJC_MSGSEND = YES;
				ENABLE_TESTABILITY = YES;
				GCC_C_LANGUAGE_STANDARD = gnu99;
				GCC_DYNAMIC_NO_PIC = NO;
				GCC_NO_COMMON_BLOCKS = YES;
				GCC_OPTIMIZATION_LEVEL = 0;
				GCC_PREPROCESSOR_DEFINITIONS = (
					"DEBUG=1",
					"$(inherited)",
				);
				GCC_WARN_64_TO_32_BIT_CONVERSION = YES;
				GCC_WARN_ABOUT_RETURN_TYPE = YES_ERROR;
				GCC_WARN_UNDECLARED_SELECTOR = YES;
				GCC_WARN_UNINITIALIZED_AUTOS = YES_AGGRESSIVE;
				GCC_WARN_UNUSED_FUNCTION = YES;
				GCC_WARN_UNUSED_VARIABLE = YES;
				MACOSX_DEPLOYMENT_TARGET = 10.11;
				MTL_ENABLE_DEBUG_INFO = YES;
				ONLY_ACTIVE_ARCH = YES;
				SDKROOT = macosx;
			};
			name = Debug;
		};
		A9BFED411FA8BFE9002CC073 /* Release */ = {
			isa = XCBuildConfiguration;
			buildSettings = {
				ALWAYS_SEARCH_USER_PATHS = NO;
				CLANG_ANALYZER_NONNULL = YES;
				CLANG_CXX_LANGUAGE_STANDARD = "gnu++0x";
				CLANG_CXX_LIBRARY = "libc++";
				CLANG_ENABLE_MODULES = YES;
				CLANG_ENABLE_OBJC_ARC = YES;
				CLANG_WARN_BOOL_CONVERSION = YES;
				CLANG_WARN_CONSTANT_CONVERSION = YES;
				CLANG_WARN_DIRECT_OBJC_ISA_USAGE = YES_ERROR;
				CLANG_WARN_DOCUMENTATION_COMMENTS = YES;
				CLANG_WARN_EMPTY_BODY = YES;
				CLANG_WARN_ENUM_CONVERSION = YES;
				CLANG_WARN_INFINITE_RECURSION = YES;
				CLANG_WARN_INT_CONVERSION = YES;
				CLANG_WARN_OBJC_ROOT_CLASS = YES_ERROR;
				CLANG_WARN_SUSPICIOUS_MOVES = YES;
				CLANG_WARN_UNREACHABLE_CODE = YES;
				CLANG_WARN__DUPLICATE_METHOD_MATCH = YES;
				CODE_SIGN_IDENTITY = "-";
				COPY_PHASE_STRIP = NO;
				DEBUG_INFORMATION_FORMAT = "dwarf-with-dsym";
				ENABLE_NS_ASSERTIONS = NO;
				ENABLE_STRICT_OBJC_MSGSEND = YES;
				GCC_C_LANGUAGE_STANDARD = gnu99;
				GCC_NO_COMMON_BLOCKS = YES;
				GCC_WARN_64_TO_32_BIT_CONVERSION = YES;
				GCC_WARN_ABOUT_RETURN_TYPE = YES_ERROR;
				GCC_WARN_UNDECLARED_SELECTOR = YES;
				GCC_WARN_UNINITIALIZED_AUTOS = YES_AGGRESSIVE;
				GCC_WARN_UNUSED_FUNCTION = YES;
				GCC_WARN_UNUSED_VARIABLE = YES;
				MACOSX_DEPLOYMENT_TARGET = 10.11;
				MTL_ENABLE_DEBUG_INFO = NO;
				SDKROOT = macosx;
			};
			name = Release;
		};
		A9BFED431FA8BFE9002CC073 /* Debug */ = {
			isa = XCBuildConfiguration;
			buildSettings = {
				PRODUCT_NAME = "$(TARGET_NAME)";
			};
			name = Debug;
		};
		A9BFED441FA8BFE9002CC073 /* Release */ = {
			isa = XCBuildConfiguration;
			buildSettings = {
				PRODUCT_NAME = "$(TARGET_NAME)";
			};
			name = Release;
		};
/* End XCBuildConfiguration section */

/* Begin XCConfigurationList section */
		A9BFED361FA8BFE9002CC073 /* Build configuration list for PBXProject "Queue_Wt" */ = {
			isa = XCConfigurationList;
			buildConfigurations = (
				A9BFED401FA8BFE9002CC073 /* Debug */,
				A9BFED411FA8BFE9002CC073 /* Release */,
			);
			defaultConfigurationIsVisible = 0;
			defaultConfigurationName = Release;
		};
		A9BFED421FA8BFE9002CC073 /* Build configuration list for PBXNativeTarget "Queue_Wt" */ = {
			isa = XCConfigurationList;
			buildConfigurations = (
				A9BFED431FA8BFE9002CC073 /* Debug */,
				A9BFED441FA8BFE9002CC073 /* Release */,
			);
			defaultConfigurationIsVisible = 0;
		};
/* End XCConfigurationList section */
	};
	rootObject = A9BFED331FA8BFE9002CC073 /* Project object */;
}
